// !$*UTF8*$!
{
	archiveVersion = 1;
	classes = {
	};
	objectVersion = 50;
	objects = {

/* Begin PBXBuildFile section */
		149D678F2744D3350028FA4C /* AppDelegate.m in Sources */ = {isa = PBXBuildFile; fileRef = 149D678E2744D3350028FA4C /* AppDelegate.m */; };
		149D67952744D3350028FA4C /* ViewController.m in Sources */ = {isa = PBXBuildFile; fileRef = 149D67942744D3350028FA4C /* ViewController.m */; };
		149D679A2744D33B0028FA4C /* Assets.xcassets in Resources */ = {isa = PBXBuildFile; fileRef = 149D67992744D33B0028FA4C /* Assets.xcassets */; };
		149D679D2744D33B0028FA4C /* LaunchScreen.storyboard in Resources */ = {isa = PBXBuildFile; fileRef = 149D679B2744D33B0028FA4C /* LaunchScreen.storyboard */; };
		149D67A02744D33B0028FA4C /* main.m in Sources */ = {isa = PBXBuildFile; fileRef = 149D679F2744D33B0028FA4C /* main.m */; };
		149D67A92744D47C0028FA4C /* SelectPhoto.m in Sources */ = {isa = PBXBuildFile; fileRef = 149D67A82744D47C0028FA4C /* SelectPhoto.m */; };
/* End PBXBuildFile section */

/* Begin PBXFileReference section */
		149D678A2744D3350028FA4C /* SelectPhotoProject.app */ = {isa = PBXFileReference; explicitFileType = wrapper.application; includeInIndex = 0; path = SelectPhotoProject.app; sourceTree = BUILT_PRODUCTS_DIR; };
		149D678D2744D3350028FA4C /* AppDelegate.h */ = {isa = PBXFileReference; lastKnownFileType = sourcecode.c.h; path = AppDelegate.h; sourceTree = "<group>"; };
		149D678E2744D3350028FA4C /* AppDelegate.m */ = {isa = PBXFileReference; lastKnownFileType = sourcecode.c.objc; path = AppDelegate.m; sourceTree = "<group>"; };
		149D67932744D3350028FA4C /* ViewController.h */ = {isa = PBXFileReference; lastKnownFileType = sourcecode.c.h; path = ViewController.h; sourceTree = "<group>"; };
		149D67942744D3350028FA4C /* ViewController.m */ = {isa = PBXFileReference; lastKnownFileType = sourcecode.c.objc; path = ViewController.m; sourceTree = "<group>"; };
		149D67992744D33B0028FA4C /* Assets.xcassets */ = {isa = PBXFileReference; lastKnownFileType = folder.assetcatalog; path = Assets.xcassets; sourceTree = "<group>"; };
		149D679C2744D33B0028FA4C /* Base */ = {isa = PBXFileReference; lastKnownFileType = file.storyboard; name = Base; path = Base.lproj/LaunchScreen.storyboard; sourceTree = "<group>"; };
		149D679E2744D33B0028FA4C /* Info.plist */ = {isa = PBXFileReference; lastKnownFileType = text.plist.xml; path = Info.plist; sourceTree = "<group>"; };
		149D679F2744D33B0028FA4C /* main.m */ = {isa = PBXFileReference; lastKnownFileType = sourcecode.c.objc; path = main.m; sourceTree = "<group>"; };
		149D67A72744D47C0028FA4C /* SelectPhoto.h */ = {isa = PBXFileReference; lastKnownFileType = sourcecode.c.h; path = SelectPhoto.h; sourceTree = "<group>"; };
		149D67A82744D47C0028FA4C /* SelectPhoto.m */ = {isa = PBXFileReference; lastKnownFileType = sourcecode.c.objc; path = SelectPhoto.m; sourceTree = "<group>"; };
/* End PBXFileReference section */

/* Begin PBXFrameworksBuildPhase section */
		149D67872744D3350028FA4C /* Frameworks */ = {
			isa = PBXFrameworksBuildPhase;
			buildActionMask = 2147483647;
			files = (
			);
			runOnlyForDeploymentPostprocessing = 0;
		};
/* End PBXFrameworksBuildPhase section */

/* Begin PBXGroup section */
		149D67812744D3350028FA4C = {
			isa = PBXGroup;
			children = (
				149D678C2744D3350028FA4C /* SelectPhotoProject */,
				149D678B2744D3350028FA4C /* Products */,
			);
			sourceTree = "<group>";
		};
		149D678B2744D3350028FA4C /* Products */ = {
			isa = PBXGroup;
			children = (
				149D678A2744D3350028FA4C /* SelectPhotoProject.app */,
			);
			name = Products;
			sourceTree = "<group>";
		};
		149D678C2744D3350028FA4C /* SelectPhotoProject */ = {
			isa = PBXGroup;
			children = (
				149D67A62744D4600028FA4C /* SelectPhoto */,
				149D678D2744D3350028FA4C /* AppDelegate.h */,
				149D678E2744D3350028FA4C /* AppDelegate.m */,
				149D67932744D3350028FA4C /* ViewController.h */,
				149D67942744D3350028FA4C /* ViewController.m */,
				149D67992744D33B0028FA4C /* Assets.xcassets */,
				149D679B2744D33B0028FA4C /* LaunchScreen.storyboard */,
				149D679E2744D33B0028FA4C /* Info.plist */,
				149D679F2744D33B0028FA4C /* main.m */,
			);
			path = SelectPhotoProject;
			sourceTree = "<group>";
		};
		149D67A62744D4600028FA4C /* SelectPhoto */ = {
			isa = PBXGroup;
			children = (
				149D67A72744D47C0028FA4C /* SelectPhoto.h */,
				149D67A82744D47C0028FA4C /* SelectPhoto.m */,
			);
			path = SelectPhoto;
			sourceTree = "<group>";
		};
/* End PBXGroup section */

/* Begin PBXNativeTarget section */
		149D67892744D3350028FA4C /* SelectPhotoProject */ = {
			isa = PBXNativeTarget;
			buildConfigurationList = 149D67A32744D33B0028FA4C /* Build configuration list for PBXNativeTarget "SelectPhotoProject" */;
			buildPhases = (
				149D67862744D3350028FA4C /* Sources */,
				149D67872744D3350028FA4C /* Frameworks */,
				149D67882744D3350028FA4C /* Resources */,
			);
			buildRules = (
			);
			dependencies = (
			);
			name = SelectPhotoProject;
			productName = SelectPhotoProject;
			productReference = 149D678A2744D3350028FA4C /* SelectPhotoProject.app */;
			productType = "com.apple.product-type.application";
		};
/* End PBXNativeTarget section */

/* Begin PBXProject section */
		149D67822744D3350028FA4C /* Project object */ = {
			isa = PBXProject;
			attributes = {
				LastUpgradeCheck = 1250;
				TargetAttributes = {
					149D67892744D3350028FA4C = {
						CreatedOnToolsVersion = 12.5.1;
					};
				};
			};
			buildConfigurationList = 149D67852744D3350028FA4C /* Build configuration list for PBXProject "SelectPhotoProject" */;
			compatibilityVersion = "Xcode 9.3";
			developmentRegion = en;
			hasScannedForEncodings = 0;
			knownRegions = (
				en,
				Base,
			);
			mainGroup = 149D67812744D3350028FA4C;
			productRefGroup = 149D678B2744D3350028FA4C /* Products */;
			projectDirPath = "";
			projectRoot = "";
			targets = (
				149D67892744D3350028FA4C /* SelectPhotoProject */,
			);
		};
/* End PBXProject section */

/* Begin PBXResourcesBuildPhase section */
		149D67882744D3350028FA4C /* Resources */ = {
			isa = PBXResourcesBuildPhase;
			buildActionMask = 2147483647;
			files = (
				149D679D2744D33B0028FA4C /* LaunchScreen.storyboard in Resources */,
				149D679A2744D33B0028FA4C /* Assets.xcassets in Resources */,
			);
			runOnlyForDeploymentPostprocessing = 0;
		};
/* End PBXResourcesBuildPhase section */

/* Begin PBXSourcesBuildPhase section */
		149D67862744D3350028FA4C /* Sources */ = {
			isa = PBXSourcesBuildPhase;
			buildActionMask = 2147483647;
			files = (
				149D67952744D3350028FA4C /* ViewController.m in Sources */,
				149D678F2744D3350028FA4C /* AppDelegate.m in Sources */,
				149D67A92744D47C0028FA4C /* SelectPhoto.m in Sources */,
				149D67A02744D33B0028FA4C /* main.m in Sources */,
			);
			runOnlyForDeploymentPostprocessing = 0;
		};
/* End PBXSourcesBuildPhase section */

/* Begin PBXVariantGroup section */
		149D679B2744D33B0028FA4C /* LaunchScreen.storyboard */ = {
			isa = PBXVariantGroup;
			children = (
				149D679C2744D33B0028FA4C /* Base */,
			);
			name = LaunchScreen.storyboard;
			sourceTree = "<group>";
		};
/* End PBXVariantGroup section */

/* Begin XCBuildConfiguration section */
		149D67A12744D33B0028FA4C /* Debug */ = {
			isa = XCBuildConfiguration;
			buildSettings = {
				ALWAYS_SEARCH_USER_PATHS = NO;
				CLANG_ANALYZER_NONNULL = YES;
				CLANG_ANALYZER_NUMBER_OBJECT_CONVERSION = YES_AGGRESSIVE;
				CLANG_CXX_LANGUAGE_STANDARD = "gnu++14";
				CLANG_CXX_LIBRARY = "libc++";
				CLANG_ENABLE_MODULES = YES;
				CLANG_ENABLE_OBJC_ARC = YES;
				CLANG_ENABLE_OBJC_WEAK = YES;
				CLANG_WARN_BLOCK_CAPTURE_AUTORELEASING = YES;
				CLANG_WARN_BOOL_CONVERSION = YES;
				CLANG_WARN_COMMA = YES;
				CLANG_WARN_CONSTANT_CONVERSION = YES;
				CLANG_WARN_DEPRECATED_OBJC_IMPLEMENTATIONS = YES;
				CLANG_WARN_DIRECT_OBJC_ISA_USAGE = YES_ERROR;
				CLANG_WARN_DOCUMENTATION_COMMENTS = YES;
				CLANG_WARN_EMPTY_BODY = YES;
				CLANG_WARN_ENUM_CONVERSION = YES;
				CLANG_WARN_INFINITE_RECURSION = YES;
				CLANG_WARN_INT_CONVERSION = YES;
				CLANG_WARN_NON_LITERAL_NULL_CONVERSION = YES;
				CLANG_WARN_OBJC_IMPLICIT_RETAIN_SELF = YES;
				CLANG_WARN_OBJC_LITERAL_CONVERSION = YES;
				CLANG_WARN_OBJC_ROOT_CLASS = YES_ERROR;
				CLANG_WARN_QUOTED_INCLUDE_IN_FRAMEWORK_HEADER = YES;
				CLANG_WARN_RANGE_LOOP_ANALYSIS = YES;
				CLANG_WARN_STRICT_PROTOTYPES = YES;
				CLANG_WARN_SUSPICIOUS_MOVE = YES;
				CLANG_WARN_UNGUARDED_AVAILABILITY = YES_AGGRESSIVE;
				CLANG_WARN_UNREACHABLE_CODE = YES;
				CLANG_WARN__DUPLICATE_METHOD_MATCH = YES;
				COPY_PHASE_STRIP = NO;
				DEBUG_INFORMATION_FORMAT = dwarf;
				ENABLE_STRICT_OBJC_MSGSEND = YES;
				ENABLE_TESTABILITY = YES;
				GCC_C_LANGUAGE_STANDARD = gnu11;
				GCC_DYNAMIC_NO_PIC = NO;
				GCC_NO_COMMON_BLOCKS = YES;
				GCC_OPTIMIZATION_LEVEL = 0;
				GCC_PREPROCESSOR_DEFINITIONS = (
					"DEBUG=1",
					"$(inherited)",
				);
				GCC_WARN_64_TO_32_BIT_CONVERSION = YES;
				GCC_WARN_ABOUT_RETURN_TYPE = YES_ERROR;
				GCC_WARN_UNDECLARED_SELECTOR = YES;
				GCC_WARN_UNINITIALIZED_AUTOS = YES_AGGRESSIVE;
				GCC_WARN_UNUSED_FUNCTION = YES;
				GCC_WARN_UNUSED_VARIABLE = YES;
				IPHONEOS_DEPLOYMENT_TARGET = 14.5;
				MTL_ENABLE_DEBUG_INFO = INCLUDE_SOURCE;
				MTL_FAST_MATH = YES;
				ONLY_ACTIVE_ARCH = YES;
				SDKROOT = iphoneos;
			};
			name = Debug;
		};
		149D67A22744D33B0028FA4C /* Release */ = {
			isa = XCBuildConfiguration;
			buildSettings = {
				ALWAYS_SEARCH_USER_PATHS = NO;
				CLANG_ANALYZER_NONNULL = YES;
				CLANG_ANALYZER_NUMBER_OBJECT_CONVERSION = YES_AGGRESSIVE;
				CLANG_CXX_LANGUAGE_STANDARD = "gnu++14";
				CLANG_CXX_LIBRARY = "libc++";
				CLANG_ENABLE_MODULES = YES;
				CLANG_ENABLE_OBJC_ARC = YES;
				CLANG_ENABLE_OBJC_WEAK = YES;
				CLANG_WARN_BLOCK_CAPTURE_AUTORELEASING = YES;
				CLANG_WARN_BOOL_CONVERSION = YES;
				CLANG_WARN_COMMA = YES;
				CLANG_WARN_CONSTANT_CONVERSION = YES;
				CLANG_WARN_DEPRECATED_OBJC_IMPLEMENTATIONS = YES;
				CLANG_WARN_DIRECT_OBJC_ISA_USAGE = YES_ERROR;
				CLANG_WARN_DOCUMENTATION_COMMENTS = YES;
				CLANG_WARN_EMPTY_BODY = YES;
				CLANG_WARN_ENUM_CONVERSION = YES;
				CLANG_WARN_INFINITE_RECURSION = YES;
				CLANG_WARN_INT_CONVERSION = YES;
				CLANG_WARN_NON_LITERAL_NULL_CONVERSION = YES;
				CLANG_WARN_OBJC_IMPLICIT_RETAIN_SELF = YES;
				CLANG_WARN_OBJC_LITERAL_CONVERSION = YES;
				CLANG_WARN_OBJC_ROOT_CLASS = YES_ERROR;
				CLANG_WARN_QUOTED_INCLUDE_IN_FRAMEWORK_HEADER = YES;
				CLANG_WARN_RANGE_LOOP_ANALYSIS = YES;
				CLANG_WARN_STRICT_PROTOTYPES = YES;
				CLANG_WARN_SUSPICIOUS_MOVE = YES;
				CLANG_WARN_UNGUARDED_AVAILABILITY = YES_AGGRESSIVE;
				CLANG_WARN_UNREACHABLE_CODE = YES;
				CLANG_WARN__DUPLICATE_METHOD_MATCH = YES;
				COPY_PHASE_STRIP = NO;
				DEBUG_INFORMATION_FORMAT = "dwarf-with-dsym";
				ENABLE_NS_ASSERTIONS = NO;
				ENABLE_STRICT_OBJC_MSGSEND = YES;
				GCC_C_LANGUAGE_STANDARD = gnu11;
				GCC_NO_COMMON_BLOCKS = YES;
				GCC_WARN_64_TO_32_BIT_CONVERSION = YES;
				GCC_WARN_ABOUT_RETURN_TYPE = YES_ERROR;
				GCC_WARN_UNDECLARED_SELECTOR = YES;
				GCC_WARN_UNINITIALIZED_AUTOS = YES_AGGRESSIVE;
				GCC_WARN_UNUSED_FUNCTION = YES;
				GCC_WARN_UNUSED_VARIABLE = YES;
				IPHONEOS_DEPLOYMENT_TARGET = 14.5;
				MTL_ENABLE_DEBUG_INFO = NO;
				MTL_FAST_MATH = YES;
				SDKROOT = iphoneos;
				VALIDATE_PRODUCT = YES;
			};
			name = Release;
		};
		149D67A42744D33B0028FA4C /* Debug */ = {
			isa = XCBuildConfiguration;
			buildSettings = {
				ASSETCATALOG_COMPILER_APPICON_NAME = AppIcon;
				ASSETCATALOG_COMPILER_GLOBAL_ACCENT_COLOR_NAME = AccentColor;
				CODE_SIGN_STYLE = Automatic;
				DEVELOPMENT_TEAM = Z775HF852Q;
				INFOPLIST_FILE = SelectPhotoProject/Info.plist;
				IPHONEOS_DEPLOYMENT_TARGET = 9.0;
				LD_RUNPATH_SEARCH_PATHS = (
					"$(inherited)",
					"@executable_path/Frameworks",
				);
				PRODUCT_BUNDLE_IDENTIFIER = Yihb.SelectPhotoProject;
				PRODUCT_NAME = "$(TARGET_NAME)";
				TARGETED_DEVICE_FAMILY = 1;
			};
			name = Debug;
		};
		149D67A52744D33B0028FA4C /* Release */ = {
			isa = XCBuildConfiguration;
			buildSettings = {
				ASSETCATALOG_COMPILER_APPICON_NAME = AppIcon;
				ASSETCATALOG_COMPILER_GLOBAL_ACCENT_COLOR_NAME = AccentColor;
				CODE_SIGN_STYLE = Automatic;
				DEVELOPMENT_TEAM = Z775HF852Q;
				INFOPLIST_FILE = SelectPhotoProject/Info.plist;
				IPHONEOS_DEPLOYMENT_TARGET = 9.0;
				LD_RUNPATH_SEARCH_PATHS = (
					"$(inherited)",
					"@executable_path/Frameworks",
				);
				PRODUCT_BUNDLE_IDENTIFIER = Yihb.SelectPhotoProject;
				PRODUCT_NAME = "$(TARGET_NAME)";
				TARGETED_DEVICE_FAMILY = 1;
			};
			name = Release;
		};
/* End XCBuildConfiguration section */

/* Begin XCConfigurationList section */
		149D67852744D3350028FA4C /* Build configuration list for PBXProject "SelectPhotoProject" */ = {
			isa = XCConfigurationList;
			buildConfigurations = (
				149D67A12744D33B0028FA4C /* Debug */,
				149D67A22744D33B0028FA4C /* Release */,
			);
			defaultConfigurationIsVisible = 0;
			defaultConfigurationName = Release;
		};
		149D67A32744D33B0028FA4C /* Build configuration list for PBXNativeTarget "SelectPhotoProject" */ = {
			isa = XCConfigurationList;
			buildConfigurations = (
				149D67A42744D33B0028FA4C /* Debug */,
				149D67A52744D33B0028FA4C /* Release */,
			);
			defaultConfigurationIsVisible = 0;
			defaultConfigurationName = Release;
		};
/* End XCConfigurationList section */
	};
	rootObject = 149D67822744D3350028FA4C /* Project object */;
}
